
Microsoft Visual Studio Solution File, Format Version 12.00
# Visual Studio Version 17
VisualStudioVersion = 17.9.34714.143
MinimumVisualStudioVersion = 10.0.40219.1
Project("{FAE04EC0-301F-11D3-BF4B-00C04F79EFBC}") = "FamilyRestourant", "FamilyRestourant\FamilyRestourant.csproj", "{81CB5601-2D2A-4081-9DAA-62C2F238E5C4}"
EndProject
Global
	GlobalSection(SolutionConfigurationPlatforms) = preSolution
		Debug|Any CPU = Debug|Any CPU
		Release|Any CPU = Release|Any CPU
	EndGlobalSection
	GlobalSection(ProjectConfigurationPlatforms) = postSolution
		{81CB5601-2D2A-4081-9DAA-62C2F238E5C4}.Debug|Any CPU.ActiveCfg = Debug|Any CPU
		{81CB5601-2D2A-4081-9DAA-62C2F238E5C4}.Debug|Any CPU.Build.0 = Debug|Any CPU
		{81CB5601-2D2A-4081-9DAA-62C2F238E5C4}.Release|Any CPU.ActiveCfg = Release|Any CPU
		{81CB5601-2D2A-4081-9DAA-62C2F238E5C4}.Release|Any CPU.Build.0 = Release|Any CPU
	EndGlobalSection
	GlobalSection(SolutionProperties) = preSolution
		HideSolutionNode = FALSE
	EndGlobalSection
	GlobalSection(ExtensibilityGlobals) = postSolution
		SolutionGuid = {77C7EE61-08A2-4080-AAF6-22A5D0785B12}
	EndGlobalSection
EndGlobal
